
Microsoft Visual Studio Solution File, Format Version 12.00
Project("{FAE04EC0-301F-11D3-BF4B-00C04F79EFBC}") = "DefaultTemplateBrowser", "DefaultTemplateBrowser\DefaultTemplateBrowser.csproj", "{BA2754DC-CE89-4AF3-A74F-D3EB17FF261C}"
EndProject
Global
	GlobalSection(SolutionConfigurationPlatforms) = preSolution
		Debug|Any CPU = Debug|Any CPU
		Release|Any CPU = Release|Any CPU
	EndGlobalSection
	GlobalSection(ProjectConfigurationPlatforms) = postSolution
		{BA2754DC-CE89-4AF3-A74F-D3EB17FF261C}.Debug|Any CPU.ActiveCfg = Debug|Any CPU
		{BA2754DC-CE89-4AF3-A74F-D3EB17FF261C}.Debug|Any CPU.Build.0 = Debug|Any CPU
		{BA2754DC-CE89-4AF3-A74F-D3EB17FF261C}.Release|Any CPU.ActiveCfg = Release|Any CPU
		{BA2754DC-CE89-4AF3-A74F-D3EB17FF261C}.Release|Any CPU.Build.0 = Release|Any CPU
	EndGlobalSection
EndGlobal
